
Microsoft Visual Studio Solution File, Format Version 12.00
# Visual Studio Version 17
VisualStudioVersion = 17.5.002.0
MinimumVisualStudioVersion = 10.0.40219.1
Project("{9A19103F-16F7-4668-BE54-9A1E7A4F7556}") = "AwesomeNetwork", "AwesomeNetwork.csproj", "{F1526586-4FD0-41BA-B190-4B19650ADF46}"
EndProject
Global
	GlobalSection(SolutionConfigurationPlatforms) = preSolution
		Debug|Any CPU = Debug|Any CPU
		Release|Any CPU = Release|Any CPU
	EndGlobalSection
	GlobalSection(ProjectConfigurationPlatforms) = postSolution
		{F1526586-4FD0-41BA-B190-4B19650ADF46}.Debug|Any CPU.ActiveCfg = Debug|Any CPU
		{F1526586-4FD0-41BA-B190-4B19650ADF46}.Debug|Any CPU.Build.0 = Debug|Any CPU
		{F1526586-4FD0-41BA-B190-4B19650ADF46}.Release|Any CPU.ActiveCfg = Release|Any CPU
		{F1526586-4FD0-41BA-B190-4B19650ADF46}.Release|Any CPU.Build.0 = Release|Any CPU
	EndGlobalSection
	GlobalSection(SolutionProperties) = preSolution
		HideSolutionNode = FALSE
	EndGlobalSection
	GlobalSection(ExtensibilityGlobals) = postSolution
		SolutionGuid = {4F92AF2F-54E8-4B0B-B792-91CA49416A34}
	EndGlobalSection
EndGlobal
